
Microsoft Visual Studio Solution File, Format Version 12.00
# Visual Studio Version 17
VisualStudioVersion = 17.2.32526.322
MinimumVisualStudioVersion = 10.0.40219.1
Project("{FAE04EC0-301F-11D3-BF4B-00C04F79EFBC}") = "CalculandoPoupanca", "CalculandoPoupanca.csproj", "{230DB13E-C287-44AB-A1A2-47BB707A584D}"
EndProject
Project("{FAE04EC0-301F-11D3-BF4B-00C04F79EFBC}") = "CalculaPoupanca2", "..\Calculapoupança2\CalculaPoupanca2.csproj", "{6773D33A-FAC3-4C16-B246-16B56E409ED2}"
EndProject
Project("{FAE04EC0-301F-11D3-BF4B-00C04F79EFBC}") = "CalculaInvestimentoLongoPrazo", "..\CalculaInvestimentoLongoPrazo\CalculaInvestimentoLongoPrazo.csproj", "{9847D084-C617-4C29-909A-3A8A33C7EA10}"
EndProject
Project("{FAE04EC0-301F-11D3-BF4B-00C04F79EFBC}") = "ForEncadeado", "..\ForEncadeado\ForEncadeado.csproj", "{9C32D8B0-B706-45E5-ACFA-8E88337F98C4}"
EndProject
Global
	GlobalSection(SolutionConfigurationPlatforms) = preSolution
		Debug|Any CPU = Debug|Any CPU
		Release|Any CPU = Release|Any CPU
	EndGlobalSection
	GlobalSection(ProjectConfigurationPlatforms) = postSolution
		{230DB13E-C287-44AB-A1A2-47BB707A584D}.Debug|Any CPU.ActiveCfg = Debug|Any CPU
		{230DB13E-C287-44AB-A1A2-47BB707A584D}.Debug|Any CPU.Build.0 = Debug|Any CPU
		{230DB13E-C287-44AB-A1A2-47BB707A584D}.Release|Any CPU.ActiveCfg = Release|Any CPU
		{230DB13E-C287-44AB-A1A2-47BB707A584D}.Release|Any CPU.Build.0 = Release|Any CPU
		{6773D33A-FAC3-4C16-B246-16B56E409ED2}.Debug|Any CPU.ActiveCfg = Debug|Any CPU
		{6773D33A-FAC3-4C16-B246-16B56E409ED2}.Debug|Any CPU.Build.0 = Debug|Any CPU
		{6773D33A-FAC3-4C16-B246-16B56E409ED2}.Release|Any CPU.ActiveCfg = Release|Any CPU
		{6773D33A-FAC3-4C16-B246-16B56E409ED2}.Release|Any CPU.Build.0 = Release|Any CPU
		{9847D084-C617-4C29-909A-3A8A33C7EA10}.Debug|Any CPU.ActiveCfg = Debug|Any CPU
		{9847D084-C617-4C29-909A-3A8A33C7EA10}.Debug|Any CPU.Build.0 = Debug|Any CPU
		{9847D084-C617-4C29-909A-3A8A33C7EA10}.Release|Any CPU.ActiveCfg = Release|Any CPU
		{9847D084-C617-4C29-909A-3A8A33C7EA10}.Release|Any CPU.Build.0 = Release|Any CPU
		{9C32D8B0-B706-45E5-ACFA-8E88337F98C4}.Debug|Any CPU.ActiveCfg = Debug|Any CPU
		{9C32D8B0-B706-45E5-ACFA-8E88337F98C4}.Debug|Any CPU.Build.0 = Debug|Any CPU
		{9C32D8B0-B706-45E5-ACFA-8E88337F98C4}.Release|Any CPU.ActiveCfg = Release|Any CPU
		{9C32D8B0-B706-45E5-ACFA-8E88337F98C4}.Release|Any CPU.Build.0 = Release|Any CPU
	EndGlobalSection
	GlobalSection(SolutionProperties) = preSolution
		HideSolutionNode = FALSE
	EndGlobalSection
	GlobalSection(ExtensibilityGlobals) = postSolution
		SolutionGuid = {8F973875-C459-499F-B521-6E834CFCAD12}
	EndGlobalSection
EndGlobal
